
Microsoft Visual Studio Solution File, Format Version 12.00
# Visual Studio 14
VisualStudioVersion = 14.0.25420.1
MinimumVisualStudioVersion = 10.0.40219.1
Project("{8BC9CEB8-8B4A-11D0-8D11-00A0C91BC942}") = "00.TCP_SER", "win003\win003.vcxproj", "{617FE852-773D-401E-B4FC-C6F81893E546}"
EndProject
Project("{8BC9CEB8-8B4A-11D0-8D11-00A0C91BC942}") = "00.TCP_CLIENT", "00.TCP_CLIENT\00.TCP_CLIENT.vcxproj", "{B0E19879-E3D0-4691-8EC8-05FC67E46663}"
EndProject
Project("{8BC9CEB8-8B4A-11D0-8D11-00A0C91BC942}") = "01.TCP_SER_MSG", "01.TCP_SER_MSG\01.TCP_SER_MSG.vcxproj", "{DE7BC567-D14F-4B83-8110-4BE6A831B21B}"
EndProject
Project("{8BC9CEB8-8B4A-11D0-8D11-00A0C91BC942}") = "02.TCP_SER_EVENT", "02.TCP_SER_EVENT\02.TCP_SER_EVENT.vcxproj", "{2F3705B9-1AEE-4EBB-9926-FF0F6986A09B}"
EndProject
Project("{8BC9CEB8-8B4A-11D0-8D11-00A0C91BC942}") = "03.TCP_SER_IOCP", "03.TCP_SER_IOCP\03.TCP_SER_IOCP.vcxproj", "{3F1533ED-B1AD-4769-9E1E-4A7F5B5DDF5B}"
EndProject
Global
	GlobalSection(SolutionConfigurationPlatforms) = preSolution
		Debug|x64 = Debug|x64
		Debug|x86 = Debug|x86
		Release|x64 = Release|x64
		Release|x86 = Release|x86
	EndGlobalSection
	GlobalSection(ProjectConfigurationPlatforms) = postSolution
		{617FE852-773D-401E-B4FC-C6F81893E546}.Debug|x64.ActiveCfg = Debug|x64
		{617FE852-773D-401E-B4FC-C6F81893E546}.Debug|x64.Build.0 = Debug|x64
		{617FE852-773D-401E-B4FC-C6F81893E546}.Debug|x86.ActiveCfg = Debug|Win32
		{617FE852-773D-401E-B4FC-C6F81893E546}.Debug|x86.Build.0 = Debug|Win32
		{617FE852-773D-401E-B4FC-C6F81893E546}.Release|x64.ActiveCfg = Release|x64
		{617FE852-773D-401E-B4FC-C6F81893E546}.Release|x64.Build.0 = Release|x64
		{617FE852-773D-401E-B4FC-C6F81893E546}.Release|x86.ActiveCfg = Release|Win32
		{617FE852-773D-401E-B4FC-C6F81893E546}.Release|x86.Build.0 = Release|Win32
		{B0E19879-E3D0-4691-8EC8-05FC67E46663}.Debug|x64.ActiveCfg = Debug|x64
		{B0E19879-E3D0-4691-8EC8-05FC67E46663}.Debug|x64.Build.0 = Debug|x64
		{B0E19879-E3D0-4691-8EC8-05FC67E46663}.Debug|x86.ActiveCfg = Debug|Win32
		{B0E19879-E3D0-4691-8EC8-05FC67E46663}.Debug|x86.Build.0 = Debug|Win32
		{B0E19879-E3D0-4691-8EC8-05FC67E46663}.Release|x64.ActiveCfg = Release|x64
		{B0E19879-E3D0-4691-8EC8-05FC67E46663}.Release|x64.Build.0 = Release|x64
		{B0E19879-E3D0-4691-8EC8-05FC67E46663}.Release|x86.ActiveCfg = Release|Win32
		{B0E19879-E3D0-4691-8EC8-05FC67E46663}.Release|x86.Build.0 = Release|Win32
		{DE7BC567-D14F-4B83-8110-4BE6A831B21B}.Debug|x64.ActiveCfg = Debug|x64
		{DE7BC567-D14F-4B83-8110-4BE6A831B21B}.Debug|x64.Build.0 = Debug|x64
		{DE7BC567-D14F-4B83-8110-4BE6A831B21B}.Debug|x86.ActiveCfg = Debug|Win32
		{DE7BC567-D14F-4B83-8110-4BE6A831B21B}.Debug|x86.Build.0 = Debug|Win32
		{DE7BC567-D14F-4B83-8110-4BE6A831B21B}.Release|x64.ActiveCfg = Release|x64
		{DE7BC567-D14F-4B83-8110-4BE6A831B21B}.Release|x64.Build.0 = Release|x64
		{DE7BC567-D14F-4B83-8110-4BE6A831B21B}.Release|x86.ActiveCfg = Release|Win32
		{DE7BC567-D14F-4B83-8110-4BE6A831B21B}.Release|x86.Build.0 = Release|Win32
		{2F3705B9-1AEE-4EBB-9926-FF0F6986A09B}.Debug|x64.ActiveCfg = Debug|x64
		{2F3705B9-1AEE-4EBB-9926-FF0F6986A09B}.Debug|x64.Build.0 = Debug|x64
		{2F3705B9-1AEE-4EBB-9926-FF0F6986A09B}.Debug|x86.ActiveCfg = Debug|Win32
		{2F3705B9-1AEE-4EBB-9926-FF0F6986A09B}.Debug|x86.Build.0 = Debug|Win32
		{2F3705B9-1AEE-4EBB-9926-FF0F6986A09B}.Release|x64.ActiveCfg = Release|x64
		{2F3705B9-1AEE-4EBB-9926-FF0F6986A09B}.Release|x64.Build.0 = Release|x64
		{2F3705B9-1AEE-4EBB-9926-FF0F6986A09B}.Release|x86.ActiveCfg = Release|Win32
		{2F3705B9-1AEE-4EBB-9926-FF0F6986A09B}.Release|x86.Build.0 = Release|Win32
		{3F1533ED-B1AD-4769-9E1E-4A7F5B5DDF5B}.Debug|x64.ActiveCfg = Debug|x64
		{3F1533ED-B1AD-4769-9E1E-4A7F5B5DDF5B}.Debug|x64.Build.0 = Debug|x64
		{3F1533ED-B1AD-4769-9E1E-4A7F5B5DDF5B}.Debug|x86.ActiveCfg = Debug|Win32
		{3F1533ED-B1AD-4769-9E1E-4A7F5B5DDF5B}.Debug|x86.Build.0 = Debug|Win32
		{3F1533ED-B1AD-4769-9E1E-4A7F5B5DDF5B}.Release|x64.ActiveCfg = Release|x64
		{3F1533ED-B1AD-4769-9E1E-4A7F5B5DDF5B}.Release|x64.Build.0 = Release|x64
		{3F1533ED-B1AD-4769-9E1E-4A7F5B5DDF5B}.Release|x86.ActiveCfg = Release|Win32
		{3F1533ED-B1AD-4769-9E1E-4A7F5B5DDF5B}.Release|x86.Build.0 = Release|Win32
	EndGlobalSection
	GlobalSection(SolutionProperties) = preSolution
		HideSolutionNode = FALSE
	EndGlobalSection
EndGlobal
