
Microsoft Visual Studio Solution File, Format Version 12.00
# Visual Studio 14
VisualStudioVersion = 14.0.25420.1
MinimumVisualStudioVersion = 10.0.40219.1
Project("{8BC9CEB8-8B4A-11D0-8D11-00A0C91BC942}") = "win002", "win002\win002.vcxproj", "{328EB418-6CA4-4538-B901-7DC366B8DA35}"
EndProject
Project("{8BC9CEB8-8B4A-11D0-8D11-00A0C91BC942}") = "01.临界区", "01.临界区\01.临界区.vcxproj", "{054BA5BB-44FA-47E8-8877-7273FADDF1F5}"
EndProject
Project("{8BC9CEB8-8B4A-11D0-8D11-00A0C91BC942}") = "02.互斥体", "02.互斥体\02.互斥体.vcxproj", "{F36BF71A-4207-44FE-85E1-09ACB1B2A732}"
EndProject
Project("{8BC9CEB8-8B4A-11D0-8D11-00A0C91BC942}") = "03.防多开", "03.防多开\03.防多开.vcxproj", "{9114C857-0917-485A-BC69-F2F577995A8C}"
EndProject
Project("{8BC9CEB8-8B4A-11D0-8D11-00A0C91BC942}") = "04.事件对象", "04.事件对象\04.事件对象.vcxproj", "{9DBBA286-0593-4735-A07C-52C5A1508DAA}"
EndProject
Project("{8BC9CEB8-8B4A-11D0-8D11-00A0C91BC942}") = "05.双进程守护A", "05.双进程守护A\05.双进程守护A.vcxproj", "{7BDEB22B-0BF9-49EA-BA1C-C9EFEFACCA13}"
EndProject
Project("{8BC9CEB8-8B4A-11D0-8D11-00A0C91BC942}") = "06.双进程守护B", "06.双进程守护B\06.双进程守护B.vcxproj", "{8138F4EE-725C-4C93-9FCE-A804A0A5DE9C}"
EndProject
Project("{8BC9CEB8-8B4A-11D0-8D11-00A0C91BC942}") = "07.信号量", "07.信号量\07.信号量.vcxproj", "{CDBE4FF7-1BDC-4FA6-BF61-6FCE3A2E3983}"
EndProject
Project("{8BC9CEB8-8B4A-11D0-8D11-00A0C91BC942}") = "08.异步IO-等待文件对象", "08.异步IO-等待文件对象\08.异步IO-等待文件对象.vcxproj", "{B7C4AFF3-A39C-4E44-8B03-8E7E0F37D30C}"
EndProject
Project("{8BC9CEB8-8B4A-11D0-8D11-00A0C91BC942}") = "08.异步IO-等待事件对象", "08.异步IO-等待事件对象\08.异步IO-等待事件对象.vcxproj", "{0CDE7DE6-80BA-4ED2-9671-DE007C77875E}"
EndProject
Project("{8BC9CEB8-8B4A-11D0-8D11-00A0C91BC942}") = "08.异步IO-异步过程调用(APC)", "08.异步IO-异步过程调用(APC)\08.异步IO-异步过程调用(APC).vcxproj", "{A5E25BA3-E2E9-45D0-B793-F27DB6AA1932}"
EndProject
Project("{8BC9CEB8-8B4A-11D0-8D11-00A0C91BC942}") = "08.异步过程调用-完成端口(IOCP)", "08.异步过程调用-完成端口(IOCP)\08.异步过程调用-完成端口(IOCP).vcxproj", "{04604C6F-3B1C-47EB-9B01-7AAB9D0465F3}"
EndProject
Global
	GlobalSection(SolutionConfigurationPlatforms) = preSolution
		Debug|x64 = Debug|x64
		Debug|x86 = Debug|x86
		Release|x64 = Release|x64
		Release|x86 = Release|x86
	EndGlobalSection
	GlobalSection(ProjectConfigurationPlatforms) = postSolution
		{328EB418-6CA4-4538-B901-7DC366B8DA35}.Debug|x64.ActiveCfg = Debug|x64
		{328EB418-6CA4-4538-B901-7DC366B8DA35}.Debug|x64.Build.0 = Debug|x64
		{328EB418-6CA4-4538-B901-7DC366B8DA35}.Debug|x86.ActiveCfg = Debug|Win32
		{328EB418-6CA4-4538-B901-7DC366B8DA35}.Debug|x86.Build.0 = Debug|Win32
		{328EB418-6CA4-4538-B901-7DC366B8DA35}.Release|x64.ActiveCfg = Release|x64
		{328EB418-6CA4-4538-B901-7DC366B8DA35}.Release|x64.Build.0 = Release|x64
		{328EB418-6CA4-4538-B901-7DC366B8DA35}.Release|x86.ActiveCfg = Release|Win32
		{328EB418-6CA4-4538-B901-7DC366B8DA35}.Release|x86.Build.0 = Release|Win32
		{054BA5BB-44FA-47E8-8877-7273FADDF1F5}.Debug|x64.ActiveCfg = Debug|x64
		{054BA5BB-44FA-47E8-8877-7273FADDF1F5}.Debug|x64.Build.0 = Debug|x64
		{054BA5BB-44FA-47E8-8877-7273FADDF1F5}.Debug|x86.ActiveCfg = Debug|Win32
		{054BA5BB-44FA-47E8-8877-7273FADDF1F5}.Debug|x86.Build.0 = Debug|Win32
		{054BA5BB-44FA-47E8-8877-7273FADDF1F5}.Release|x64.ActiveCfg = Release|x64
		{054BA5BB-44FA-47E8-8877-7273FADDF1F5}.Release|x64.Build.0 = Release|x64
		{054BA5BB-44FA-47E8-8877-7273FADDF1F5}.Release|x86.ActiveCfg = Release|Win32
		{054BA5BB-44FA-47E8-8877-7273FADDF1F5}.Release|x86.Build.0 = Release|Win32
		{F36BF71A-4207-44FE-85E1-09ACB1B2A732}.Debug|x64.ActiveCfg = Debug|x64
		{F36BF71A-4207-44FE-85E1-09ACB1B2A732}.Debug|x64.Build.0 = Debug|x64
		{F36BF71A-4207-44FE-85E1-09ACB1B2A732}.Debug|x86.ActiveCfg = Debug|Win32
		{F36BF71A-4207-44FE-85E1-09ACB1B2A732}.Debug|x86.Build.0 = Debug|Win32
		{F36BF71A-4207-44FE-85E1-09ACB1B2A732}.Release|x64.ActiveCfg = Release|x64
		{F36BF71A-4207-44FE-85E1-09ACB1B2A732}.Release|x64.Build.0 = Release|x64
		{F36BF71A-4207-44FE-85E1-09ACB1B2A732}.Release|x86.ActiveCfg = Release|Win32
		{F36BF71A-4207-44FE-85E1-09ACB1B2A732}.Release|x86.Build.0 = Release|Win32
		{9114C857-0917-485A-BC69-F2F577995A8C}.Debug|x64.ActiveCfg = Debug|x64
		{9114C857-0917-485A-BC69-F2F577995A8C}.Debug|x64.Build.0 = Debug|x64
		{9114C857-0917-485A-BC69-F2F577995A8C}.Debug|x86.ActiveCfg = Debug|Win32
		{9114C857-0917-485A-BC69-F2F577995A8C}.Debug|x86.Build.0 = Debug|Win32
		{9114C857-0917-485A-BC69-F2F577995A8C}.Release|x64.ActiveCfg = Release|x64
		{9114C857-0917-485A-BC69-F2F577995A8C}.Release|x64.Build.0 = Release|x64
		{9114C857-0917-485A-BC69-F2F577995A8C}.Release|x86.ActiveCfg = Release|Win32
		{9114C857-0917-485A-BC69-F2F577995A8C}.Release|x86.Build.0 = Release|Win32
		{9DBBA286-0593-4735-A07C-52C5A1508DAA}.Debug|x64.ActiveCfg = Debug|x64
		{9DBBA286-0593-4735-A07C-52C5A1508DAA}.Debug|x64.Build.0 = Debug|x64
		{9DBBA286-0593-4735-A07C-52C5A1508DAA}.Debug|x86.ActiveCfg = Debug|Win32
		{9DBBA286-0593-4735-A07C-52C5A1508DAA}.Debug|x86.Build.0 = Debug|Win32
		{9DBBA286-0593-4735-A07C-52C5A1508DAA}.Release|x64.ActiveCfg = Release|x64
		{9DBBA286-0593-4735-A07C-52C5A1508DAA}.Release|x64.Build.0 = Release|x64
		{9DBBA286-0593-4735-A07C-52C5A1508DAA}.Release|x86.ActiveCfg = Release|Win32
		{9DBBA286-0593-4735-A07C-52C5A1508DAA}.Release|x86.Build.0 = Release|Win32
		{7BDEB22B-0BF9-49EA-BA1C-C9EFEFACCA13}.Debug|x64.ActiveCfg = Debug|x64
		{7BDEB22B-0BF9-49EA-BA1C-C9EFEFACCA13}.Debug|x64.Build.0 = Debug|x64
		{7BDEB22B-0BF9-49EA-BA1C-C9EFEFACCA13}.Debug|x86.ActiveCfg = Debug|Win32
		{7BDEB22B-0BF9-49EA-BA1C-C9EFEFACCA13}.Debug|x86.Build.0 = Debug|Win32
		{7BDEB22B-0BF9-49EA-BA1C-C9EFEFACCA13}.Release|x64.ActiveCfg = Release|x64
		{7BDEB22B-0BF9-49EA-BA1C-C9EFEFACCA13}.Release|x64.Build.0 = Release|x64
		{7BDEB22B-0BF9-49EA-BA1C-C9EFEFACCA13}.Release|x86.ActiveCfg = Release|Win32
		{7BDEB22B-0BF9-49EA-BA1C-C9EFEFACCA13}.Release|x86.Build.0 = Release|Win32
		{8138F4EE-725C-4C93-9FCE-A804A0A5DE9C}.Debug|x64.ActiveCfg = Debug|x64
		{8138F4EE-725C-4C93-9FCE-A804A0A5DE9C}.Debug|x64.Build.0 = Debug|x64
		{8138F4EE-725C-4C93-9FCE-A804A0A5DE9C}.Debug|x86.ActiveCfg = Debug|Win32
		{8138F4EE-725C-4C93-9FCE-A804A0A5DE9C}.Debug|x86.Build.0 = Debug|Win32
		{8138F4EE-725C-4C93-9FCE-A804A0A5DE9C}.Release|x64.ActiveCfg = Release|x64
		{8138F4EE-725C-4C93-9FCE-A804A0A5DE9C}.Release|x64.Build.0 = Release|x64
		{8138F4EE-725C-4C93-9FCE-A804A0A5DE9C}.Release|x86.ActiveCfg = Release|Win32
		{8138F4EE-725C-4C93-9FCE-A804A0A5DE9C}.Release|x86.Build.0 = Release|Win32
		{CDBE4FF7-1BDC-4FA6-BF61-6FCE3A2E3983}.Debug|x64.ActiveCfg = Debug|x64
		{CDBE4FF7-1BDC-4FA6-BF61-6FCE3A2E3983}.Debug|x64.Build.0 = Debug|x64
		{CDBE4FF7-1BDC-4FA6-BF61-6FCE3A2E3983}.Debug|x86.ActiveCfg = Debug|Win32
		{CDBE4FF7-1BDC-4FA6-BF61-6FCE3A2E3983}.Debug|x86.Build.0 = Debug|Win32
		{CDBE4FF7-1BDC-4FA6-BF61-6FCE3A2E3983}.Release|x64.ActiveCfg = Release|x64
		{CDBE4FF7-1BDC-4FA6-BF61-6FCE3A2E3983}.Release|x64.Build.0 = Release|x64
		{CDBE4FF7-1BDC-4FA6-BF61-6FCE3A2E3983}.Release|x86.ActiveCfg = Release|Win32
		{CDBE4FF7-1BDC-4FA6-BF61-6FCE3A2E3983}.Release|x86.Build.0 = Release|Win32
		{B7C4AFF3-A39C-4E44-8B03-8E7E0F37D30C}.Debug|x64.ActiveCfg = Debug|x64
		{B7C4AFF3-A39C-4E44-8B03-8E7E0F37D30C}.Debug|x64.Build.0 = Debug|x64
		{B7C4AFF3-A39C-4E44-8B03-8E7E0F37D30C}.Debug|x86.ActiveCfg = Debug|Win32
		{B7C4AFF3-A39C-4E44-8B03-8E7E0F37D30C}.Debug|x86.Build.0 = Debug|Win32
		{B7C4AFF3-A39C-4E44-8B03-8E7E0F37D30C}.Release|x64.ActiveCfg = Release|x64
		{B7C4AFF3-A39C-4E44-8B03-8E7E0F37D30C}.Release|x64.Build.0 = Release|x64
		{B7C4AFF3-A39C-4E44-8B03-8E7E0F37D30C}.Release|x86.ActiveCfg = Release|Win32
		{B7C4AFF3-A39C-4E44-8B03-8E7E0F37D30C}.Release|x86.Build.0 = Release|Win32
		{0CDE7DE6-80BA-4ED2-9671-DE007C77875E}.Debug|x64.ActiveCfg = Debug|x64
		{0CDE7DE6-80BA-4ED2-9671-DE007C77875E}.Debug|x64.Build.0 = Debug|x64
		{0CDE7DE6-80BA-4ED2-9671-DE007C77875E}.Debug|x86.ActiveCfg = Debug|Win32
		{0CDE7DE6-80BA-4ED2-9671-DE007C77875E}.Debug|x86.Build.0 = Debug|Win32
		{0CDE7DE6-80BA-4ED2-9671-DE007C77875E}.Release|x64.ActiveCfg = Release|x64
		{0CDE7DE6-80BA-4ED2-9671-DE007C77875E}.Release|x64.Build.0 = Release|x64
		{0CDE7DE6-80BA-4ED2-9671-DE007C77875E}.Release|x86.ActiveCfg = Release|Win32
		{0CDE7DE6-80BA-4ED2-9671-DE007C77875E}.Release|x86.Build.0 = Release|Win32
		{A5E25BA3-E2E9-45D0-B793-F27DB6AA1932}.Debug|x64.ActiveCfg = Debug|x64
		{A5E25BA3-E2E9-45D0-B793-F27DB6AA1932}.Debug|x64.Build.0 = Debug|x64
		{A5E25BA3-E2E9-45D0-B793-F27DB6AA1932}.Debug|x86.ActiveCfg = Debug|Win32
		{A5E25BA3-E2E9-45D0-B793-F27DB6AA1932}.Debug|x86.Build.0 = Debug|Win32
		{A5E25BA3-E2E9-45D0-B793-F27DB6AA1932}.Release|x64.ActiveCfg = Release|x64
		{A5E25BA3-E2E9-45D0-B793-F27DB6AA1932}.Release|x64.Build.0 = Release|x64
		{A5E25BA3-E2E9-45D0-B793-F27DB6AA1932}.Release|x86.ActiveCfg = Release|Win32
		{A5E25BA3-E2E9-45D0-B793-F27DB6AA1932}.Release|x86.Build.0 = Release|Win32
		{04604C6F-3B1C-47EB-9B01-7AAB9D0465F3}.Debug|x64.ActiveCfg = Debug|x64
		{04604C6F-3B1C-47EB-9B01-7AAB9D0465F3}.Debug|x64.Build.0 = Debug|x64
		{04604C6F-3B1C-47EB-9B01-7AAB9D0465F3}.Debug|x86.ActiveCfg = Debug|Win32
		{04604C6F-3B1C-47EB-9B01-7AAB9D0465F3}.Debug|x86.Build.0 = Debug|Win32
		{04604C6F-3B1C-47EB-9B01-7AAB9D0465F3}.Release|x64.ActiveCfg = Release|x64
		{04604C6F-3B1C-47EB-9B01-7AAB9D0465F3}.Release|x64.Build.0 = Release|x64
		{04604C6F-3B1C-47EB-9B01-7AAB9D0465F3}.Release|x86.ActiveCfg = Release|Win32
		{04604C6F-3B1C-47EB-9B01-7AAB9D0465F3}.Release|x86.Build.0 = Release|Win32
	EndGlobalSection
	GlobalSection(SolutionProperties) = preSolution
		HideSolutionNode = FALSE
	EndGlobalSection
EndGlobal
