
Microsoft Visual Studio Solution File, Format Version 12.00
# Visual Studio 14
VisualStudioVersion = 14.0.25420.1
MinimumVisualStudioVersion = 10.0.40219.1
Project("{8BC9CEB8-8B4A-11D0-8D11-00A0C91BC942}") = "win001", "win001\win001.vcxproj", "{1533D20A-1297-4280-B0CA-9A446AA1C3BF}"
EndProject
Project("{8BC9CEB8-8B4A-11D0-8D11-00A0C91BC942}") = "01.入口点", "01.入口点\01.入口点.vcxproj", "{DD9AF803-7C08-4BEA-BEA8-E224E896A89D}"
EndProject
Project("{8BC9CEB8-8B4A-11D0-8D11-00A0C91BC942}") = "02.线程创建", "02.线程创建\02.线程创建.vcxproj", "{FA496EFD-4130-4379-96E5-646A8F572B79}"
EndProject
Project("{8BC9CEB8-8B4A-11D0-8D11-00A0C91BC942}") = "03.关闭其他进程", "03.关闭其他进程\03.关闭其他进程.vcxproj", "{E24B128D-D279-4CE6-9E93-EAAA604CCD60}"
EndProject
Project("{8BC9CEB8-8B4A-11D0-8D11-00A0C91BC942}") = "04.遍历进程", "04.遍历进程\04.遍历进程.vcxproj", "{9CD2E6D2-BE80-4E6E-8775-CAF01EF71BF2}"
EndProject
Project("{8BC9CEB8-8B4A-11D0-8D11-00A0C91BC942}") = "05.遍历线程", "05.遍历线程\05.遍历线程.vcxproj", "{A90CACEE-5593-426A-B6C4-3CE6E01EDAC1}"
EndProject
Project("{8BC9CEB8-8B4A-11D0-8D11-00A0C91BC942}") = "06.遍历模块", "06.遍历模块\06.遍历模块.vcxproj", "{B2C5AB09-416D-4002-8F93-A470F714EE3C}"
EndProject
Project("{8BC9CEB8-8B4A-11D0-8D11-00A0C91BC942}") = "07.伪句柄转真正句柄", "07.伪句柄转真正句柄\07.伪句柄转真正句柄.vcxproj", "{4C59E815-04DC-4DF9-8CD5-DE28F8127AE8}"
EndProject
Project("{8BC9CEB8-8B4A-11D0-8D11-00A0C91BC942}") = "08.进程间通讯-A", "08.进程间通讯-A\08.进程间通讯-A.vcxproj", "{05E2EBAC-6254-4570-B561-787365043C3A}"
EndProject
Project("{8BC9CEB8-8B4A-11D0-8D11-00A0C91BC942}") = "08.进程间通讯-B", "08.进程间通讯-B\08.进程间通讯-B.vcxproj", "{0E6D6B85-EFC1-4E55-9E6E-D699E482481B}"
EndProject
Project("{8BC9CEB8-8B4A-11D0-8D11-00A0C91BC942}") = "09.邮槽-服务器", "09.邮槽-服务器\09.邮槽-服务器.vcxproj", "{C5954513-FB00-4F8E-883F-E5AB4A82FB34}"
EndProject
Project("{8BC9CEB8-8B4A-11D0-8D11-00A0C91BC942}") = "10.邮槽-客户端", "10.邮槽-客户端\10.邮槽-客户端.vcxproj", "{3EE6C2DA-B7DE-43FF-94C9-9BD0612B7296}"
EndProject
Global
	GlobalSection(SolutionConfigurationPlatforms) = preSolution
		Debug|x64 = Debug|x64
		Debug|x86 = Debug|x86
		Release|x64 = Release|x64
		Release|x86 = Release|x86
	EndGlobalSection
	GlobalSection(ProjectConfigurationPlatforms) = postSolution
		{1533D20A-1297-4280-B0CA-9A446AA1C3BF}.Debug|x64.ActiveCfg = Debug|x64
		{1533D20A-1297-4280-B0CA-9A446AA1C3BF}.Debug|x64.Build.0 = Debug|x64
		{1533D20A-1297-4280-B0CA-9A446AA1C3BF}.Debug|x86.ActiveCfg = Debug|Win32
		{1533D20A-1297-4280-B0CA-9A446AA1C3BF}.Debug|x86.Build.0 = Debug|Win32
		{1533D20A-1297-4280-B0CA-9A446AA1C3BF}.Release|x64.ActiveCfg = Release|x64
		{1533D20A-1297-4280-B0CA-9A446AA1C3BF}.Release|x64.Build.0 = Release|x64
		{1533D20A-1297-4280-B0CA-9A446AA1C3BF}.Release|x86.ActiveCfg = Release|Win32
		{1533D20A-1297-4280-B0CA-9A446AA1C3BF}.Release|x86.Build.0 = Release|Win32
		{DD9AF803-7C08-4BEA-BEA8-E224E896A89D}.Debug|x64.ActiveCfg = Debug|x64
		{DD9AF803-7C08-4BEA-BEA8-E224E896A89D}.Debug|x64.Build.0 = Debug|x64
		{DD9AF803-7C08-4BEA-BEA8-E224E896A89D}.Debug|x86.ActiveCfg = Debug|Win32
		{DD9AF803-7C08-4BEA-BEA8-E224E896A89D}.Debug|x86.Build.0 = Debug|Win32
		{DD9AF803-7C08-4BEA-BEA8-E224E896A89D}.Release|x64.ActiveCfg = Release|x64
		{DD9AF803-7C08-4BEA-BEA8-E224E896A89D}.Release|x64.Build.0 = Release|x64
		{DD9AF803-7C08-4BEA-BEA8-E224E896A89D}.Release|x86.ActiveCfg = Release|Win32
		{DD9AF803-7C08-4BEA-BEA8-E224E896A89D}.Release|x86.Build.0 = Release|Win32
		{FA496EFD-4130-4379-96E5-646A8F572B79}.Debug|x64.ActiveCfg = Debug|x64
		{FA496EFD-4130-4379-96E5-646A8F572B79}.Debug|x64.Build.0 = Debug|x64
		{FA496EFD-4130-4379-96E5-646A8F572B79}.Debug|x86.ActiveCfg = Debug|Win32
		{FA496EFD-4130-4379-96E5-646A8F572B79}.Debug|x86.Build.0 = Debug|Win32
		{FA496EFD-4130-4379-96E5-646A8F572B79}.Release|x64.ActiveCfg = Release|x64
		{FA496EFD-4130-4379-96E5-646A8F572B79}.Release|x64.Build.0 = Release|x64
		{FA496EFD-4130-4379-96E5-646A8F572B79}.Release|x86.ActiveCfg = Release|Win32
		{FA496EFD-4130-4379-96E5-646A8F572B79}.Release|x86.Build.0 = Release|Win32
		{E24B128D-D279-4CE6-9E93-EAAA604CCD60}.Debug|x64.ActiveCfg = Debug|x64
		{E24B128D-D279-4CE6-9E93-EAAA604CCD60}.Debug|x64.Build.0 = Debug|x64
		{E24B128D-D279-4CE6-9E93-EAAA604CCD60}.Debug|x86.ActiveCfg = Debug|Win32
		{E24B128D-D279-4CE6-9E93-EAAA604CCD60}.Debug|x86.Build.0 = Debug|Win32
		{E24B128D-D279-4CE6-9E93-EAAA604CCD60}.Release|x64.ActiveCfg = Release|x64
		{E24B128D-D279-4CE6-9E93-EAAA604CCD60}.Release|x64.Build.0 = Release|x64
		{E24B128D-D279-4CE6-9E93-EAAA604CCD60}.Release|x86.ActiveCfg = Release|Win32
		{E24B128D-D279-4CE6-9E93-EAAA604CCD60}.Release|x86.Build.0 = Release|Win32
		{9CD2E6D2-BE80-4E6E-8775-CAF01EF71BF2}.Debug|x64.ActiveCfg = Debug|x64
		{9CD2E6D2-BE80-4E6E-8775-CAF01EF71BF2}.Debug|x64.Build.0 = Debug|x64
		{9CD2E6D2-BE80-4E6E-8775-CAF01EF71BF2}.Debug|x86.ActiveCfg = Debug|Win32
		{9CD2E6D2-BE80-4E6E-8775-CAF01EF71BF2}.Debug|x86.Build.0 = Debug|Win32
		{9CD2E6D2-BE80-4E6E-8775-CAF01EF71BF2}.Release|x64.ActiveCfg = Release|x64
		{9CD2E6D2-BE80-4E6E-8775-CAF01EF71BF2}.Release|x64.Build.0 = Release|x64
		{9CD2E6D2-BE80-4E6E-8775-CAF01EF71BF2}.Release|x86.ActiveCfg = Release|Win32
		{9CD2E6D2-BE80-4E6E-8775-CAF01EF71BF2}.Release|x86.Build.0 = Release|Win32
		{A90CACEE-5593-426A-B6C4-3CE6E01EDAC1}.Debug|x64.ActiveCfg = Debug|x64
		{A90CACEE-5593-426A-B6C4-3CE6E01EDAC1}.Debug|x64.Build.0 = Debug|x64
		{A90CACEE-5593-426A-B6C4-3CE6E01EDAC1}.Debug|x86.ActiveCfg = Debug|Win32
		{A90CACEE-5593-426A-B6C4-3CE6E01EDAC1}.Debug|x86.Build.0 = Debug|Win32
		{A90CACEE-5593-426A-B6C4-3CE6E01EDAC1}.Release|x64.ActiveCfg = Release|x64
		{A90CACEE-5593-426A-B6C4-3CE6E01EDAC1}.Release|x64.Build.0 = Release|x64
		{A90CACEE-5593-426A-B6C4-3CE6E01EDAC1}.Release|x86.ActiveCfg = Release|Win32
		{A90CACEE-5593-426A-B6C4-3CE6E01EDAC1}.Release|x86.Build.0 = Release|Win32
		{B2C5AB09-416D-4002-8F93-A470F714EE3C}.Debug|x64.ActiveCfg = Debug|x64
		{B2C5AB09-416D-4002-8F93-A470F714EE3C}.Debug|x64.Build.0 = Debug|x64
		{B2C5AB09-416D-4002-8F93-A470F714EE3C}.Debug|x86.ActiveCfg = Debug|Win32
		{B2C5AB09-416D-4002-8F93-A470F714EE3C}.Debug|x86.Build.0 = Debug|Win32
		{B2C5AB09-416D-4002-8F93-A470F714EE3C}.Release|x64.ActiveCfg = Release|x64
		{B2C5AB09-416D-4002-8F93-A470F714EE3C}.Release|x64.Build.0 = Release|x64
		{B2C5AB09-416D-4002-8F93-A470F714EE3C}.Release|x86.ActiveCfg = Release|Win32
		{B2C5AB09-416D-4002-8F93-A470F714EE3C}.Release|x86.Build.0 = Release|Win32
		{4C59E815-04DC-4DF9-8CD5-DE28F8127AE8}.Debug|x64.ActiveCfg = Debug|x64
		{4C59E815-04DC-4DF9-8CD5-DE28F8127AE8}.Debug|x64.Build.0 = Debug|x64
		{4C59E815-04DC-4DF9-8CD5-DE28F8127AE8}.Debug|x86.ActiveCfg = Debug|Win32
		{4C59E815-04DC-4DF9-8CD5-DE28F8127AE8}.Debug|x86.Build.0 = Debug|Win32
		{4C59E815-04DC-4DF9-8CD5-DE28F8127AE8}.Release|x64.ActiveCfg = Release|x64
		{4C59E815-04DC-4DF9-8CD5-DE28F8127AE8}.Release|x64.Build.0 = Release|x64
		{4C59E815-04DC-4DF9-8CD5-DE28F8127AE8}.Release|x86.ActiveCfg = Release|Win32
		{4C59E815-04DC-4DF9-8CD5-DE28F8127AE8}.Release|x86.Build.0 = Release|Win32
		{05E2EBAC-6254-4570-B561-787365043C3A}.Debug|x64.ActiveCfg = Debug|x64
		{05E2EBAC-6254-4570-B561-787365043C3A}.Debug|x64.Build.0 = Debug|x64
		{05E2EBAC-6254-4570-B561-787365043C3A}.Debug|x86.ActiveCfg = Debug|Win32
		{05E2EBAC-6254-4570-B561-787365043C3A}.Debug|x86.Build.0 = Debug|Win32
		{05E2EBAC-6254-4570-B561-787365043C3A}.Release|x64.ActiveCfg = Release|x64
		{05E2EBAC-6254-4570-B561-787365043C3A}.Release|x64.Build.0 = Release|x64
		{05E2EBAC-6254-4570-B561-787365043C3A}.Release|x86.ActiveCfg = Release|Win32
		{05E2EBAC-6254-4570-B561-787365043C3A}.Release|x86.Build.0 = Release|Win32
		{0E6D6B85-EFC1-4E55-9E6E-D699E482481B}.Debug|x64.ActiveCfg = Debug|x64
		{0E6D6B85-EFC1-4E55-9E6E-D699E482481B}.Debug|x64.Build.0 = Debug|x64
		{0E6D6B85-EFC1-4E55-9E6E-D699E482481B}.Debug|x86.ActiveCfg = Debug|Win32
		{0E6D6B85-EFC1-4E55-9E6E-D699E482481B}.Debug|x86.Build.0 = Debug|Win32
		{0E6D6B85-EFC1-4E55-9E6E-D699E482481B}.Release|x64.ActiveCfg = Release|x64
		{0E6D6B85-EFC1-4E55-9E6E-D699E482481B}.Release|x64.Build.0 = Release|x64
		{0E6D6B85-EFC1-4E55-9E6E-D699E482481B}.Release|x86.ActiveCfg = Release|Win32
		{0E6D6B85-EFC1-4E55-9E6E-D699E482481B}.Release|x86.Build.0 = Release|Win32
		{C5954513-FB00-4F8E-883F-E5AB4A82FB34}.Debug|x64.ActiveCfg = Debug|x64
		{C5954513-FB00-4F8E-883F-E5AB4A82FB34}.Debug|x64.Build.0 = Debug|x64
		{C5954513-FB00-4F8E-883F-E5AB4A82FB34}.Debug|x86.ActiveCfg = Debug|Win32
		{C5954513-FB00-4F8E-883F-E5AB4A82FB34}.Debug|x86.Build.0 = Debug|Win32
		{C5954513-FB00-4F8E-883F-E5AB4A82FB34}.Release|x64.ActiveCfg = Release|x64
		{C5954513-FB00-4F8E-883F-E5AB4A82FB34}.Release|x64.Build.0 = Release|x64
		{C5954513-FB00-4F8E-883F-E5AB4A82FB34}.Release|x86.ActiveCfg = Release|Win32
		{C5954513-FB00-4F8E-883F-E5AB4A82FB34}.Release|x86.Build.0 = Release|Win32
		{3EE6C2DA-B7DE-43FF-94C9-9BD0612B7296}.Debug|x64.ActiveCfg = Debug|x64
		{3EE6C2DA-B7DE-43FF-94C9-9BD0612B7296}.Debug|x64.Build.0 = Debug|x64
		{3EE6C2DA-B7DE-43FF-94C9-9BD0612B7296}.Debug|x86.ActiveCfg = Debug|Win32
		{3EE6C2DA-B7DE-43FF-94C9-9BD0612B7296}.Debug|x86.Build.0 = Debug|Win32
		{3EE6C2DA-B7DE-43FF-94C9-9BD0612B7296}.Release|x64.ActiveCfg = Release|x64
		{3EE6C2DA-B7DE-43FF-94C9-9BD0612B7296}.Release|x64.Build.0 = Release|x64
		{3EE6C2DA-B7DE-43FF-94C9-9BD0612B7296}.Release|x86.ActiveCfg = Release|Win32
		{3EE6C2DA-B7DE-43FF-94C9-9BD0612B7296}.Release|x86.Build.0 = Release|Win32
	EndGlobalSection
	GlobalSection(SolutionProperties) = preSolution
		HideSolutionNode = FALSE
	EndGlobalSection
EndGlobal
