
Microsoft Visual Studio Solution File, Format Version 12.00
# Visual Studio 15
VisualStudioVersion = 15.0.27130.2026
MinimumVisualStudioVersion = 10.0.40219.1
Project("{8BC9CEB8-8B4A-11D0-8D11-00A0C91BC942}") = "00.友元函数友元类", "C++Day003\C++Day003.vcxproj", "{0E994A7C-686E-4AAF-AB96-D6A8E3AF3D68}"
EndProject
Project("{8BC9CEB8-8B4A-11D0-8D11-00A0C91BC942}") = "01.友元成员函数", "01.友元成员函数\01.友元成员函数.vcxproj", "{C3AD1D87-55F5-401A-8E86-5AB6488ACC70}"
EndProject
Project("{8BC9CEB8-8B4A-11D0-8D11-00A0C91BC942}") = "02.双目运算符重载", "02.双目运算符重载\02.双目运算符重载.vcxproj", "{B16851F1-7712-4BEC-8B8A-D363FD857086}"
EndProject
Project("{8BC9CEB8-8B4A-11D0-8D11-00A0C91BC942}") = "03.单目运算符", "03.单目运算符\03.单目运算符.vcxproj", "{73D342E2-E3DA-4ACA-A2D5-2DF186906479}"
EndProject
Project("{8BC9CEB8-8B4A-11D0-8D11-00A0C91BC942}") = "04.特殊运算符", "04.特殊运算符\04.特殊运算符.vcxproj", "{618D827E-6EE3-496D-988B-CC4718EC077D}"
EndProject
Project("{8BC9CEB8-8B4A-11D0-8D11-00A0C91BC942}") = "05.派生与继承", "05.派生与继承\05.派生与继承.vcxproj", "{A68A467C-F289-400A-ACF7-0D29BDB2CAB4}"
EndProject
Project("{8BC9CEB8-8B4A-11D0-8D11-00A0C91BC942}") = "06.构造与析构", "06.构造与析构\06.构造与析构.vcxproj", "{F05AFBB0-4E65-4824-BEEC-085D84BDCBAA}"
EndProject
Project("{8BC9CEB8-8B4A-11D0-8D11-00A0C91BC942}") = "07.重定义", "07.重定义\07.重定义.vcxproj", "{64E222FE-FD03-482C-A5BD-FE4D39AD3EE3}"
EndProject
Project("{8BC9CEB8-8B4A-11D0-8D11-00A0C91BC942}") = "08. 多继承", "08. 多继承\08. 多继承.vcxproj", "{FA5E6043-CED3-44D6-AE72-6C96F3EFB2B6}"
EndProject
Project("{8BC9CEB8-8B4A-11D0-8D11-00A0C91BC942}") = "09.菱形继承", "09.菱形继承\09.菱形继承.vcxproj", "{90FEFD78-1805-4C2B-ABB4-0F03E589299D}"
EndProject
Global
	GlobalSection(SolutionConfigurationPlatforms) = preSolution
		Debug|x64 = Debug|x64
		Debug|x86 = Debug|x86
		Release|x64 = Release|x64
		Release|x86 = Release|x86
	EndGlobalSection
	GlobalSection(ProjectConfigurationPlatforms) = postSolution
		{0E994A7C-686E-4AAF-AB96-D6A8E3AF3D68}.Debug|x64.ActiveCfg = Debug|x64
		{0E994A7C-686E-4AAF-AB96-D6A8E3AF3D68}.Debug|x64.Build.0 = Debug|x64
		{0E994A7C-686E-4AAF-AB96-D6A8E3AF3D68}.Debug|x86.ActiveCfg = Debug|Win32
		{0E994A7C-686E-4AAF-AB96-D6A8E3AF3D68}.Debug|x86.Build.0 = Debug|Win32
		{0E994A7C-686E-4AAF-AB96-D6A8E3AF3D68}.Release|x64.ActiveCfg = Release|x64
		{0E994A7C-686E-4AAF-AB96-D6A8E3AF3D68}.Release|x64.Build.0 = Release|x64
		{0E994A7C-686E-4AAF-AB96-D6A8E3AF3D68}.Release|x86.ActiveCfg = Release|Win32
		{0E994A7C-686E-4AAF-AB96-D6A8E3AF3D68}.Release|x86.Build.0 = Release|Win32
		{C3AD1D87-55F5-401A-8E86-5AB6488ACC70}.Debug|x64.ActiveCfg = Debug|x64
		{C3AD1D87-55F5-401A-8E86-5AB6488ACC70}.Debug|x64.Build.0 = Debug|x64
		{C3AD1D87-55F5-401A-8E86-5AB6488ACC70}.Debug|x86.ActiveCfg = Debug|Win32
		{C3AD1D87-55F5-401A-8E86-5AB6488ACC70}.Debug|x86.Build.0 = Debug|Win32
		{C3AD1D87-55F5-401A-8E86-5AB6488ACC70}.Release|x64.ActiveCfg = Release|x64
		{C3AD1D87-55F5-401A-8E86-5AB6488ACC70}.Release|x64.Build.0 = Release|x64
		{C3AD1D87-55F5-401A-8E86-5AB6488ACC70}.Release|x86.ActiveCfg = Release|Win32
		{C3AD1D87-55F5-401A-8E86-5AB6488ACC70}.Release|x86.Build.0 = Release|Win32
		{B16851F1-7712-4BEC-8B8A-D363FD857086}.Debug|x64.ActiveCfg = Debug|x64
		{B16851F1-7712-4BEC-8B8A-D363FD857086}.Debug|x64.Build.0 = Debug|x64
		{B16851F1-7712-4BEC-8B8A-D363FD857086}.Debug|x86.ActiveCfg = Debug|Win32
		{B16851F1-7712-4BEC-8B8A-D363FD857086}.Debug|x86.Build.0 = Debug|Win32
		{B16851F1-7712-4BEC-8B8A-D363FD857086}.Release|x64.ActiveCfg = Release|x64
		{B16851F1-7712-4BEC-8B8A-D363FD857086}.Release|x64.Build.0 = Release|x64
		{B16851F1-7712-4BEC-8B8A-D363FD857086}.Release|x86.ActiveCfg = Release|Win32
		{B16851F1-7712-4BEC-8B8A-D363FD857086}.Release|x86.Build.0 = Release|Win32
		{73D342E2-E3DA-4ACA-A2D5-2DF186906479}.Debug|x64.ActiveCfg = Debug|x64
		{73D342E2-E3DA-4ACA-A2D5-2DF186906479}.Debug|x64.Build.0 = Debug|x64
		{73D342E2-E3DA-4ACA-A2D5-2DF186906479}.Debug|x86.ActiveCfg = Debug|Win32
		{73D342E2-E3DA-4ACA-A2D5-2DF186906479}.Debug|x86.Build.0 = Debug|Win32
		{73D342E2-E3DA-4ACA-A2D5-2DF186906479}.Release|x64.ActiveCfg = Release|x64
		{73D342E2-E3DA-4ACA-A2D5-2DF186906479}.Release|x64.Build.0 = Release|x64
		{73D342E2-E3DA-4ACA-A2D5-2DF186906479}.Release|x86.ActiveCfg = Release|Win32
		{73D342E2-E3DA-4ACA-A2D5-2DF186906479}.Release|x86.Build.0 = Release|Win32
		{618D827E-6EE3-496D-988B-CC4718EC077D}.Debug|x64.ActiveCfg = Debug|x64
		{618D827E-6EE3-496D-988B-CC4718EC077D}.Debug|x64.Build.0 = Debug|x64
		{618D827E-6EE3-496D-988B-CC4718EC077D}.Debug|x86.ActiveCfg = Debug|Win32
		{618D827E-6EE3-496D-988B-CC4718EC077D}.Debug|x86.Build.0 = Debug|Win32
		{618D827E-6EE3-496D-988B-CC4718EC077D}.Release|x64.ActiveCfg = Release|x64
		{618D827E-6EE3-496D-988B-CC4718EC077D}.Release|x64.Build.0 = Release|x64
		{618D827E-6EE3-496D-988B-CC4718EC077D}.Release|x86.ActiveCfg = Release|Win32
		{618D827E-6EE3-496D-988B-CC4718EC077D}.Release|x86.Build.0 = Release|Win32
		{A68A467C-F289-400A-ACF7-0D29BDB2CAB4}.Debug|x64.ActiveCfg = Debug|x64
		{A68A467C-F289-400A-ACF7-0D29BDB2CAB4}.Debug|x64.Build.0 = Debug|x64
		{A68A467C-F289-400A-ACF7-0D29BDB2CAB4}.Debug|x86.ActiveCfg = Debug|Win32
		{A68A467C-F289-400A-ACF7-0D29BDB2CAB4}.Debug|x86.Build.0 = Debug|Win32
		{A68A467C-F289-400A-ACF7-0D29BDB2CAB4}.Release|x64.ActiveCfg = Release|x64
		{A68A467C-F289-400A-ACF7-0D29BDB2CAB4}.Release|x64.Build.0 = Release|x64
		{A68A467C-F289-400A-ACF7-0D29BDB2CAB4}.Release|x86.ActiveCfg = Release|Win32
		{A68A467C-F289-400A-ACF7-0D29BDB2CAB4}.Release|x86.Build.0 = Release|Win32
		{F05AFBB0-4E65-4824-BEEC-085D84BDCBAA}.Debug|x64.ActiveCfg = Debug|x64
		{F05AFBB0-4E65-4824-BEEC-085D84BDCBAA}.Debug|x64.Build.0 = Debug|x64
		{F05AFBB0-4E65-4824-BEEC-085D84BDCBAA}.Debug|x86.ActiveCfg = Debug|Win32
		{F05AFBB0-4E65-4824-BEEC-085D84BDCBAA}.Debug|x86.Build.0 = Debug|Win32
		{F05AFBB0-4E65-4824-BEEC-085D84BDCBAA}.Release|x64.ActiveCfg = Release|x64
		{F05AFBB0-4E65-4824-BEEC-085D84BDCBAA}.Release|x64.Build.0 = Release|x64
		{F05AFBB0-4E65-4824-BEEC-085D84BDCBAA}.Release|x86.ActiveCfg = Release|Win32
		{F05AFBB0-4E65-4824-BEEC-085D84BDCBAA}.Release|x86.Build.0 = Release|Win32
		{64E222FE-FD03-482C-A5BD-FE4D39AD3EE3}.Debug|x64.ActiveCfg = Debug|x64
		{64E222FE-FD03-482C-A5BD-FE4D39AD3EE3}.Debug|x64.Build.0 = Debug|x64
		{64E222FE-FD03-482C-A5BD-FE4D39AD3EE3}.Debug|x86.ActiveCfg = Debug|Win32
		{64E222FE-FD03-482C-A5BD-FE4D39AD3EE3}.Debug|x86.Build.0 = Debug|Win32
		{64E222FE-FD03-482C-A5BD-FE4D39AD3EE3}.Release|x64.ActiveCfg = Release|x64
		{64E222FE-FD03-482C-A5BD-FE4D39AD3EE3}.Release|x64.Build.0 = Release|x64
		{64E222FE-FD03-482C-A5BD-FE4D39AD3EE3}.Release|x86.ActiveCfg = Release|Win32
		{64E222FE-FD03-482C-A5BD-FE4D39AD3EE3}.Release|x86.Build.0 = Release|Win32
		{FA5E6043-CED3-44D6-AE72-6C96F3EFB2B6}.Debug|x64.ActiveCfg = Debug|x64
		{FA5E6043-CED3-44D6-AE72-6C96F3EFB2B6}.Debug|x64.Build.0 = Debug|x64
		{FA5E6043-CED3-44D6-AE72-6C96F3EFB2B6}.Debug|x86.ActiveCfg = Debug|Win32
		{FA5E6043-CED3-44D6-AE72-6C96F3EFB2B6}.Debug|x86.Build.0 = Debug|Win32
		{FA5E6043-CED3-44D6-AE72-6C96F3EFB2B6}.Release|x64.ActiveCfg = Release|x64
		{FA5E6043-CED3-44D6-AE72-6C96F3EFB2B6}.Release|x64.Build.0 = Release|x64
		{FA5E6043-CED3-44D6-AE72-6C96F3EFB2B6}.Release|x86.ActiveCfg = Release|Win32
		{FA5E6043-CED3-44D6-AE72-6C96F3EFB2B6}.Release|x86.Build.0 = Release|Win32
		{90FEFD78-1805-4C2B-ABB4-0F03E589299D}.Debug|x64.ActiveCfg = Debug|x64
		{90FEFD78-1805-4C2B-ABB4-0F03E589299D}.Debug|x64.Build.0 = Debug|x64
		{90FEFD78-1805-4C2B-ABB4-0F03E589299D}.Debug|x86.ActiveCfg = Debug|Win32
		{90FEFD78-1805-4C2B-ABB4-0F03E589299D}.Debug|x86.Build.0 = Debug|Win32
		{90FEFD78-1805-4C2B-ABB4-0F03E589299D}.Release|x64.ActiveCfg = Release|x64
		{90FEFD78-1805-4C2B-ABB4-0F03E589299D}.Release|x64.Build.0 = Release|x64
		{90FEFD78-1805-4C2B-ABB4-0F03E589299D}.Release|x86.ActiveCfg = Release|Win32
		{90FEFD78-1805-4C2B-ABB4-0F03E589299D}.Release|x86.Build.0 = Release|Win32
	EndGlobalSection
	GlobalSection(SolutionProperties) = preSolution
		HideSolutionNode = FALSE
	EndGlobalSection
	GlobalSection(ExtensibilityGlobals) = postSolution
		SolutionGuid = {597E460E-6B58-4682-BB6C-E62B729CFDFD}
	EndGlobalSection
EndGlobal
